// !$*UTF8*$!
{
	archiveVersion = 1;
	classes = {
	};
	objectVersion = 56;
	objects = {

/* Begin PBXBuildFile section */
		9005BDC72BF9606B00039D00 /* Launch Screen.storyboard in Resources */ = {isa = PBXBuildFile; fileRef = 9005BDC62BF9606B00039D00 /* Launch Screen.storyboard */; };
		9029DF142C3140A2008586E6 /* ContactPickerView.swift in Sources */ = {isa = PBXBuildFile; fileRef = 9029DF132C3140A2008586E6 /* ContactPickerView.swift */; };
		9029DF162C31422B008586E6 /* NewReceiptViewModel.swift in Sources */ = {isa = PBXBuildFile; fileRef = 9029DF152C31422B008586E6 /* NewReceiptViewModel.swift */; };
		9029DF182C314475008586E6 /* ContactModel.swift in Sources */ = {isa = PBXBuildFile; fileRef = 9029DF172C314475008586E6 /* ContactModel.swift */; };
		902C01CD2BF008060004B01A /* FirebaseAnalytics in Frameworks */ = {isa = PBXBuildFile; productRef = 902C01CC2BF008060004B01A /* FirebaseAnalytics */; };
		902C01CF2BF008060004B01A /* FirebaseAnalyticsSwift in Frameworks */ = {isa = PBXBuildFile; productRef = 902C01CE2BF008060004B01A /* FirebaseAnalyticsSwift */; };
		902C01D12BF008060004B01A /* FirebaseAuth in Frameworks */ = {isa = PBXBuildFile; productRef = 902C01D02BF008060004B01A /* FirebaseAuth */; };
		902C01D32BF008060004B01A /* FirebaseAuthCombine-Community in Frameworks */ = {isa = PBXBuildFile; productRef = 902C01D22BF008060004B01A /* FirebaseAuthCombine-Community */; };
		902C01D52BF008060004B01A /* FirebaseCrashlytics in Frameworks */ = {isa = PBXBuildFile; productRef = 902C01D42BF008060004B01A /* FirebaseCrashlytics */; };
		902C01D72BF008060004B01A /* FirebaseDatabase in Frameworks */ = {isa = PBXBuildFile; productRef = 902C01D62BF008060004B01A /* FirebaseDatabase */; };
		902C01D92BF008060004B01A /* FirebaseDatabaseSwift in Frameworks */ = {isa = PBXBuildFile; productRef = 902C01D82BF008060004B01A /* FirebaseDatabaseSwift */; };
		902C01DB2BF008060004B01A /* FirebaseFirestore in Frameworks */ = {isa = PBXBuildFile; productRef = 902C01DA2BF008060004B01A /* FirebaseFirestore */; };
		902C01DD2BF008060004B01A /* FirebaseFirestoreSwift in Frameworks */ = {isa = PBXBuildFile; productRef = 902C01DC2BF008060004B01A /* FirebaseFirestoreSwift */; };
		902C01DF2BF008060004B01A /* FirebaseFunctions in Frameworks */ = {isa = PBXBuildFile; productRef = 902C01DE2BF008060004B01A /* FirebaseFunctions */; };
		902C01E12BF008060004B01A /* FirebaseInAppMessaging-Beta in Frameworks */ = {isa = PBXBuildFile; productRef = 902C01E02BF008060004B01A /* FirebaseInAppMessaging-Beta */; };
		902C01E32BF008060004B01A /* FirebaseInAppMessagingSwift-Beta in Frameworks */ = {isa = PBXBuildFile; productRef = 902C01E22BF008060004B01A /* FirebaseInAppMessagingSwift-Beta */; };
		902C01E52BF008060004B01A /* FirebaseInstallations in Frameworks */ = {isa = PBXBuildFile; productRef = 902C01E42BF008060004B01A /* FirebaseInstallations */; };
		902C01E72BF008060004B01A /* FirebaseMessaging in Frameworks */ = {isa = PBXBuildFile; productRef = 902C01E62BF008060004B01A /* FirebaseMessaging */; };
		902C01E92BF008060004B01A /* FirebaseRemoteConfig in Frameworks */ = {isa = PBXBuildFile; productRef = 902C01E82BF008060004B01A /* FirebaseRemoteConfig */; };
		902C01EB2BF008060004B01A /* FirebaseRemoteConfigSwift in Frameworks */ = {isa = PBXBuildFile; productRef = 902C01EA2BF008060004B01A /* FirebaseRemoteConfigSwift */; };
		902C01ED2BF008060004B01A /* FirebaseStorage in Frameworks */ = {isa = PBXBuildFile; productRef = 902C01EC2BF008060004B01A /* FirebaseStorage */; };
		902C01F22BF00A790004B01A /* GoogleSignIn in Frameworks */ = {isa = PBXBuildFile; productRef = 902C01F12BF00A790004B01A /* GoogleSignIn */; };
		902C01F42BF00A790004B01A /* GoogleSignInSwift in Frameworks */ = {isa = PBXBuildFile; productRef = 902C01F32BF00A790004B01A /* GoogleSignInSwift */; };
		902C01F62BF00B0E0004B01A /* GoogleService-Info.plist in Resources */ = {isa = PBXBuildFile; fileRef = 902C01F52BF00B0E0004B01A /* GoogleService-Info.plist */; };
		902C01FA2BF017660004B01A /* ReceiptView.swift in Sources */ = {isa = PBXBuildFile; fileRef = 902C01F92BF017660004B01A /* ReceiptView.swift */; };
		902C01FC2BF019770004B01A /* AuthViewModel.swift in Sources */ = {isa = PBXBuildFile; fileRef = 902C01FB2BF019770004B01A /* AuthViewModel.swift */; };
		902C01FE2BF019B60004B01A /* UserModel.swift in Sources */ = {isa = PBXBuildFile; fileRef = 902C01FD2BF019B60004B01A /* UserModel.swift */; };
		902D77022C27766800F7B462 /* ReceiptDetailView.swift in Sources */ = {isa = PBXBuildFile; fileRef = 902D77012C27766800F7B462 /* ReceiptDetailView.swift */; };
		902D77042C278D9400F7B462 /* CustomToggleStyle.swift in Sources */ = {isa = PBXBuildFile; fileRef = 902D77032C278D9400F7B462 /* CustomToggleStyle.swift */; };
		9072AFC52BE9C46E00DE6FEB /* FairShareApp.swift in Sources */ = {isa = PBXBuildFile; fileRef = 9072AFC42BE9C46E00DE6FEB /* FairShareApp.swift */; };
		9072AFC72BE9C46E00DE6FEB /* EntryView.swift in Sources */ = {isa = PBXBuildFile; fileRef = 9072AFC62BE9C46E00DE6FEB /* EntryView.swift */; };
		9072AFC92BE9C47000DE6FEB /* Assets.xcassets in Resources */ = {isa = PBXBuildFile; fileRef = 9072AFC82BE9C47000DE6FEB /* Assets.xcassets */; };
		9072AFCC2BE9C47000DE6FEB /* Preview Assets.xcassets in Resources */ = {isa = PBXBuildFile; fileRef = 9072AFCB2BE9C47000DE6FEB /* Preview Assets.xcassets */; };
		9072AFCE2BE9C47000DE6FEB /* Persistence.swift in Sources */ = {isa = PBXBuildFile; fileRef = 9072AFCD2BE9C47000DE6FEB /* Persistence.swift */; };
		9072AFD12BE9C47000DE6FEB /* FairShare.xcdatamodeld in Sources */ = {isa = PBXBuildFile; fileRef = 9072AFCF2BE9C47000DE6FEB /* FairShare.xcdatamodeld */; };
		9072AFDB2BE9C47000DE6FEB /* FairShareTests.swift in Sources */ = {isa = PBXBuildFile; fileRef = 9072AFDA2BE9C47000DE6FEB /* FairShareTests.swift */; };
		9072AFE52BE9C47000DE6FEB /* FairShareUITests.swift in Sources */ = {isa = PBXBuildFile; fileRef = 9072AFE42BE9C47000DE6FEB /* FairShareUITests.swift */; };
		9072AFE72BE9C47000DE6FEB /* FairShareUITestsLaunchTests.swift in Sources */ = {isa = PBXBuildFile; fileRef = 9072AFE62BE9C47000DE6FEB /* FairShareUITestsLaunchTests.swift */; };
		909E69942C02A5C7009D00D6 /* CameraView.swift in Sources */ = {isa = PBXBuildFile; fileRef = 909E69932C02A5C7009D00D6 /* CameraView.swift */; };
		909E699C2C02C820009D00D6 /* Image+Helper.swift in Sources */ = {isa = PBXBuildFile; fileRef = 909E699B2C02C820009D00D6 /* Image+Helper.swift */; };
		909E699E2C02C82A009D00D6 /* Color+Helper.swift in Sources */ = {isa = PBXBuildFile; fileRef = 909E699D2C02C82A009D00D6 /* Color+Helper.swift */; };
		909E69A02C02C865009D00D6 /* Constants.swift in Sources */ = {isa = PBXBuildFile; fileRef = 909E699F2C02C865009D00D6 /* Constants.swift */; };
		90BD783A2C0AEEB300C6A889 /* ReceiptItemsView.swift in Sources */ = {isa = PBXBuildFile; fileRef = 90BD78392C0AEEB300C6A889 /* ReceiptItemsView.swift */; };
		90BD783C2C0C051E00C6A889 /* EditableReceiptItemView.swift in Sources */ = {isa = PBXBuildFile; fileRef = 90BD783B2C0C051E00C6A889 /* EditableReceiptItemView.swift */; };
		90F329842C1DB90D003AA887 /* StorageService.swift in Sources */ = {isa = PBXBuildFile; fileRef = 90F329832C1DB90D003AA887 /* StorageService.swift */; };
		90F4761D2C14F6510075B36B /* DBService.swift in Sources */ = {isa = PBXBuildFile; fileRef = 90F4761C2C14F6510075B36B /* DBService.swift */; };
		90F4761F2C154FE20075B36B /* AuthService.swift in Sources */ = {isa = PBXBuildFile; fileRef = 90F4761E2C154FE20075B36B /* AuthService.swift */; };
		90F476212C1581950075B36B /* ReceiptCardView.swift in Sources */ = {isa = PBXBuildFile; fileRef = 90F476202C1581950075B36B /* ReceiptCardView.swift */; };
		90F5749F2BF93BCC005A9A2E /* MainTabView.swift in Sources */ = {isa = PBXBuildFile; fileRef = 90F5749E2BF93BCC005A9A2E /* MainTabView.swift */; };
		90FB96152BF020490061E83D /* ReceiptModel.swift in Sources */ = {isa = PBXBuildFile; fileRef = 90FB96142BF020490061E83D /* ReceiptModel.swift */; };
		90FB96172BF023340061E83D /* Date+Helper.swift in Sources */ = {isa = PBXBuildFile; fileRef = 90FB96162BF023340061E83D /* Date+Helper.swift */; };
		90FB96192BF029190061E83D /* NewReceiptView.swift in Sources */ = {isa = PBXBuildFile; fileRef = 90FB96182BF029190061E83D /* NewReceiptView.swift */; };
		90FB96272BF030B20061E83D /* LoginView.swift in Sources */ = {isa = PBXBuildFile; fileRef = 90FB96262BF030B20061E83D /* LoginView.swift */; };
		90FB96292BF0321C0061E83D /* InputView.swift in Sources */ = {isa = PBXBuildFile; fileRef = 90FB96282BF0321C0061E83D /* InputView.swift */; };
		90FB962D2BF0753E0061E83D /* ProfileView.swift in Sources */ = {isa = PBXBuildFile; fileRef = 90FB962C2BF0753E0061E83D /* ProfileView.swift */; };
		90FB962F2BF0779B0061E83D /* SettingsRowView.swift in Sources */ = {isa = PBXBuildFile; fileRef = 90FB962E2BF0779B0061E83D /* SettingsRowView.swift */; };
		90FB96312BF08C240061E83D /* FirebaseErrors.swift in Sources */ = {isa = PBXBuildFile; fileRef = 90FB96302BF08C240061E83D /* FirebaseErrors.swift */; };
/* End PBXBuildFile section */

/* Begin PBXContainerItemProxy section */
		9072AFD72BE9C47000DE6FEB /* PBXContainerItemProxy */ = {
			isa = PBXContainerItemProxy;
			containerPortal = 9072AFB92BE9C46E00DE6FEB /* Project object */;
			proxyType = 1;
			remoteGlobalIDString = 9072AFC02BE9C46E00DE6FEB;
			remoteInfo = FairShare;
		};
		9072AFE12BE9C47000DE6FEB /* PBXContainerItemProxy */ = {
			isa = PBXContainerItemProxy;
			containerPortal = 9072AFB92BE9C46E00DE6FEB /* Project object */;
			proxyType = 1;
			remoteGlobalIDString = 9072AFC02BE9C46E00DE6FEB;
			remoteInfo = FairShare;
		};
/* End PBXContainerItemProxy section */

/* Begin PBXFileReference section */
		9005BDC62BF9606B00039D00 /* Launch Screen.storyboard */ = {isa = PBXFileReference; lastKnownFileType = file.storyboard; path = "Launch Screen.storyboard"; sourceTree = "<group>"; };
		9029DF132C3140A2008586E6 /* ContactPickerView.swift */ = {isa = PBXFileReference; lastKnownFileType = sourcecode.swift; path = ContactPickerView.swift; sourceTree = "<group>"; };
		9029DF152C31422B008586E6 /* NewReceiptViewModel.swift */ = {isa = PBXFileReference; lastKnownFileType = sourcecode.swift; path = NewReceiptViewModel.swift; sourceTree = "<group>"; };
		9029DF172C314475008586E6 /* ContactModel.swift */ = {isa = PBXFileReference; lastKnownFileType = sourcecode.swift; path = ContactModel.swift; sourceTree = "<group>"; };
		902C01F52BF00B0E0004B01A /* GoogleService-Info.plist */ = {isa = PBXFileReference; fileEncoding = 4; lastKnownFileType = text.plist.xml; path = "GoogleService-Info.plist"; sourceTree = "<group>"; };
		902C01F92BF017660004B01A /* ReceiptView.swift */ = {isa = PBXFileReference; lastKnownFileType = sourcecode.swift; path = ReceiptView.swift; sourceTree = "<group>"; };
		902C01FB2BF019770004B01A /* AuthViewModel.swift */ = {isa = PBXFileReference; lastKnownFileType = sourcecode.swift; path = AuthViewModel.swift; sourceTree = "<group>"; };
		902C01FD2BF019B60004B01A /* UserModel.swift */ = {isa = PBXFileReference; lastKnownFileType = sourcecode.swift; path = UserModel.swift; sourceTree = "<group>"; };
		902D77012C27766800F7B462 /* ReceiptDetailView.swift */ = {isa = PBXFileReference; lastKnownFileType = sourcecode.swift; path = ReceiptDetailView.swift; sourceTree = "<group>"; };
		902D77032C278D9400F7B462 /* CustomToggleStyle.swift */ = {isa = PBXFileReference; lastKnownFileType = sourcecode.swift; path = CustomToggleStyle.swift; sourceTree = "<group>"; };
		9072AFC12BE9C46E00DE6FEB /* FairShare.app */ = {isa = PBXFileReference; explicitFileType = wrapper.application; includeInIndex = 0; path = FairShare.app; sourceTree = BUILT_PRODUCTS_DIR; };
		9072AFC42BE9C46E00DE6FEB /* FairShareApp.swift */ = {isa = PBXFileReference; lastKnownFileType = sourcecode.swift; path = FairShareApp.swift; sourceTree = "<group>"; };
		9072AFC62BE9C46E00DE6FEB /* EntryView.swift */ = {isa = PBXFileReference; lastKnownFileType = sourcecode.swift; path = EntryView.swift; sourceTree = "<group>"; };
		9072AFC82BE9C47000DE6FEB /* Assets.xcassets */ = {isa = PBXFileReference; lastKnownFileType = folder.assetcatalog; path = Assets.xcassets; sourceTree = "<group>"; };
		9072AFCB2BE9C47000DE6FEB /* Preview Assets.xcassets */ = {isa = PBXFileReference; lastKnownFileType = folder.assetcatalog; path = "Preview Assets.xcassets"; sourceTree = "<group>"; };
		9072AFCD2BE9C47000DE6FEB /* Persistence.swift */ = {isa = PBXFileReference; lastKnownFileType = sourcecode.swift; path = Persistence.swift; sourceTree = "<group>"; };
		9072AFD02BE9C47000DE6FEB /* FairShare.xcdatamodel */ = {isa = PBXFileReference; lastKnownFileType = wrapper.xcdatamodel; path = FairShare.xcdatamodel; sourceTree = "<group>"; };
		9072AFD62BE9C47000DE6FEB /* FairShareTests.xctest */ = {isa = PBXFileReference; explicitFileType = wrapper.cfbundle; includeInIndex = 0; path = FairShareTests.xctest; sourceTree = BUILT_PRODUCTS_DIR; };
		9072AFDA2BE9C47000DE6FEB /* FairShareTests.swift */ = {isa = PBXFileReference; lastKnownFileType = sourcecode.swift; path = FairShareTests.swift; sourceTree = "<group>"; };
		9072AFE02BE9C47000DE6FEB /* FairShareUITests.xctest */ = {isa = PBXFileReference; explicitFileType = wrapper.cfbundle; includeInIndex = 0; path = FairShareUITests.xctest; sourceTree = BUILT_PRODUCTS_DIR; };
		9072AFE42BE9C47000DE6FEB /* FairShareUITests.swift */ = {isa = PBXFileReference; lastKnownFileType = sourcecode.swift; path = FairShareUITests.swift; sourceTree = "<group>"; };
		9072AFE62BE9C47000DE6FEB /* FairShareUITestsLaunchTests.swift */ = {isa = PBXFileReference; lastKnownFileType = sourcecode.swift; path = FairShareUITestsLaunchTests.swift; sourceTree = "<group>"; };
		909E69932C02A5C7009D00D6 /* CameraView.swift */ = {isa = PBXFileReference; lastKnownFileType = sourcecode.swift; path = CameraView.swift; sourceTree = "<group>"; };
		909E699B2C02C820009D00D6 /* Image+Helper.swift */ = {isa = PBXFileReference; lastKnownFileType = sourcecode.swift; path = "Image+Helper.swift"; sourceTree = "<group>"; };
		909E699D2C02C82A009D00D6 /* Color+Helper.swift */ = {isa = PBXFileReference; lastKnownFileType = sourcecode.swift; path = "Color+Helper.swift"; sourceTree = "<group>"; };
		909E699F2C02C865009D00D6 /* Constants.swift */ = {isa = PBXFileReference; lastKnownFileType = sourcecode.swift; path = Constants.swift; sourceTree = "<group>"; };
		90BD78392C0AEEB300C6A889 /* ReceiptItemsView.swift */ = {isa = PBXFileReference; lastKnownFileType = sourcecode.swift; path = ReceiptItemsView.swift; sourceTree = "<group>"; };
		90BD783B2C0C051E00C6A889 /* EditableReceiptItemView.swift */ = {isa = PBXFileReference; lastKnownFileType = sourcecode.swift; path = EditableReceiptItemView.swift; sourceTree = "<group>"; };
		90F329832C1DB90D003AA887 /* StorageService.swift */ = {isa = PBXFileReference; lastKnownFileType = sourcecode.swift; path = StorageService.swift; sourceTree = "<group>"; };
		90F4761C2C14F6510075B36B /* DBService.swift */ = {isa = PBXFileReference; lastKnownFileType = sourcecode.swift; path = DBService.swift; sourceTree = "<group>"; };
		90F4761E2C154FE20075B36B /* AuthService.swift */ = {isa = PBXFileReference; lastKnownFileType = sourcecode.swift; path = AuthService.swift; sourceTree = "<group>"; };
		90F476202C1581950075B36B /* ReceiptCardView.swift */ = {isa = PBXFileReference; lastKnownFileType = sourcecode.swift; path = ReceiptCardView.swift; sourceTree = "<group>"; };
		90F5749E2BF93BCC005A9A2E /* MainTabView.swift */ = {isa = PBXFileReference; lastKnownFileType = sourcecode.swift; path = MainTabView.swift; sourceTree = "<group>"; };
		90FB96142BF020490061E83D /* ReceiptModel.swift */ = {isa = PBXFileReference; lastKnownFileType = sourcecode.swift; path = ReceiptModel.swift; sourceTree = "<group>"; };
		90FB96162BF023340061E83D /* Date+Helper.swift */ = {isa = PBXFileReference; lastKnownFileType = sourcecode.swift; path = "Date+Helper.swift"; sourceTree = "<group>"; };
		90FB96182BF029190061E83D /* NewReceiptView.swift */ = {isa = PBXFileReference; lastKnownFileType = sourcecode.swift; path = NewReceiptView.swift; sourceTree = "<group>"; };
		90FB96262BF030B20061E83D /* LoginView.swift */ = {isa = PBXFileReference; lastKnownFileType = sourcecode.swift; path = LoginView.swift; sourceTree = "<group>"; };
		90FB96282BF0321C0061E83D /* InputView.swift */ = {isa = PBXFileReference; lastKnownFileType = sourcecode.swift; path = InputView.swift; sourceTree = "<group>"; };
		90FB962C2BF0753E0061E83D /* ProfileView.swift */ = {isa = PBXFileReference; lastKnownFileType = sourcecode.swift; path = ProfileView.swift; sourceTree = "<group>"; };
		90FB962E2BF0779B0061E83D /* SettingsRowView.swift */ = {isa = PBXFileReference; lastKnownFileType = sourcecode.swift; path = SettingsRowView.swift; sourceTree = "<group>"; };
		90FB96302BF08C240061E83D /* FirebaseErrors.swift */ = {isa = PBXFileReference; lastKnownFileType = sourcecode.swift; path = FirebaseErrors.swift; sourceTree = "<group>"; };
/* End PBXFileReference section */

/* Begin PBXFrameworksBuildPhase section */
		9072AFBE2BE9C46E00DE6FEB /* Frameworks */ = {
			isa = PBXFrameworksBuildPhase;
			buildActionMask = 2147483647;
			files = (
				902C01F42BF00A790004B01A /* GoogleSignInSwift in Frameworks */,
				902C01D92BF008060004B01A /* FirebaseDatabaseSwift in Frameworks */,
				902C01D72BF008060004B01A /* FirebaseDatabase in Frameworks */,
				902C01E72BF008060004B01A /* FirebaseMessaging in Frameworks */,
				902C01E52BF008060004B01A /* FirebaseInstallations in Frameworks */,
				902C01CF2BF008060004B01A /* FirebaseAnalyticsSwift in Frameworks */,
				902C01D12BF008060004B01A /* FirebaseAuth in Frameworks */,
				902C01D52BF008060004B01A /* FirebaseCrashlytics in Frameworks */,
				902C01DB2BF008060004B01A /* FirebaseFirestore in Frameworks */,
				902C01E12BF008060004B01A /* FirebaseInAppMessaging-Beta in Frameworks */,
				902C01EB2BF008060004B01A /* FirebaseRemoteConfigSwift in Frameworks */,
				902C01E92BF008060004B01A /* FirebaseRemoteConfig in Frameworks */,
				902C01CD2BF008060004B01A /* FirebaseAnalytics in Frameworks */,
				902C01ED2BF008060004B01A /* FirebaseStorage in Frameworks */,
				902C01DF2BF008060004B01A /* FirebaseFunctions in Frameworks */,
				902C01D32BF008060004B01A /* FirebaseAuthCombine-Community in Frameworks */,
				902C01E32BF008060004B01A /* FirebaseInAppMessagingSwift-Beta in Frameworks */,
				902C01DD2BF008060004B01A /* FirebaseFirestoreSwift in Frameworks */,
				902C01F22BF00A790004B01A /* GoogleSignIn in Frameworks */,
			);
			runOnlyForDeploymentPostprocessing = 0;
		};
		9072AFD32BE9C47000DE6FEB /* Frameworks */ = {
			isa = PBXFrameworksBuildPhase;
			buildActionMask = 2147483647;
			files = (
			);
			runOnlyForDeploymentPostprocessing = 0;
		};
		9072AFDD2BE9C47000DE6FEB /* Frameworks */ = {
			isa = PBXFrameworksBuildPhase;
			buildActionMask = 2147483647;
			files = (
			);
			runOnlyForDeploymentPostprocessing = 0;
		};
/* End PBXFrameworksBuildPhase section */

/* Begin PBXGroup section */
		902D77052C279E9400F7B462 /* Elements */ = {
			isa = PBXGroup;
			children = (
				902D77032C278D9400F7B462 /* CustomToggleStyle.swift */,
			);
			path = Elements;
			sourceTree = "<group>";
		};
		9072AFB82BE9C46E00DE6FEB = {
			isa = PBXGroup;
			children = (
				9072AFC32BE9C46E00DE6FEB /* FairShare */,
				9072AFD92BE9C47000DE6FEB /* FairShareTests */,
				9072AFE32BE9C47000DE6FEB /* FairShareUITests */,
				9072AFC22BE9C46E00DE6FEB /* Products */,
			);
			sourceTree = "<group>";
		};
		9072AFC22BE9C46E00DE6FEB /* Products */ = {
			isa = PBXGroup;
			children = (
				9072AFC12BE9C46E00DE6FEB /* FairShare.app */,
				9072AFD62BE9C47000DE6FEB /* FairShareTests.xctest */,
				9072AFE02BE9C47000DE6FEB /* FairShareUITests.xctest */,
			);
			name = Products;
			sourceTree = "<group>";
		};
		9072AFC32BE9C46E00DE6FEB /* FairShare */ = {
			isa = PBXGroup;
			children = (
				90FB96202BF02C880061E83D /* Application */,
				90FB96212BF02D010061E83D /* Networking */,
				90FB961F2BF02C470061E83D /* Errors */,
				90FB961E2BF02C120061E83D /* Helpers */,
				90FB961C2BF02BC30061E83D /* UI */,
				90FB961D2BF02BF60061E83D /* Models */,
				9072AFC82BE9C47000DE6FEB /* Assets.xcassets */,
				902C01F52BF00B0E0004B01A /* GoogleService-Info.plist */,
				9072AFCD2BE9C47000DE6FEB /* Persistence.swift */,
				9072AFCF2BE9C47000DE6FEB /* FairShare.xcdatamodeld */,
				9072AFCA2BE9C47000DE6FEB /* Preview Content */,
			);
			path = FairShare;
			sourceTree = "<group>";
		};
		9072AFCA2BE9C47000DE6FEB /* Preview Content */ = {
			isa = PBXGroup;
			children = (
				9072AFCB2BE9C47000DE6FEB /* Preview Assets.xcassets */,
			);
			path = "Preview Content";
			sourceTree = "<group>";
		};
		9072AFD92BE9C47000DE6FEB /* FairShareTests */ = {
			isa = PBXGroup;
			children = (
				9072AFDA2BE9C47000DE6FEB /* FairShareTests.swift */,
			);
			path = FairShareTests;
			sourceTree = "<group>";
		};
		9072AFE32BE9C47000DE6FEB /* FairShareUITests */ = {
			isa = PBXGroup;
			children = (
				9072AFE42BE9C47000DE6FEB /* FairShareUITests.swift */,
				9072AFE62BE9C47000DE6FEB /* FairShareUITestsLaunchTests.swift */,
			);
			path = FairShareUITests;
			sourceTree = "<group>";
		};
		909E69972C02C5B9009D00D6 /* Profile */ = {
			isa = PBXGroup;
			children = (
				90FB962C2BF0753E0061E83D /* ProfileView.swift */,
				9029DF132C3140A2008586E6 /* ContactPickerView.swift */,
				90FB962E2BF0779B0061E83D /* SettingsRowView.swift */,
			);
			path = Profile;
			sourceTree = "<group>";
		};
		909E69982C02C5C7009D00D6 /* Receipt */ = {
			isa = PBXGroup;
			children = (
				902C01F92BF017660004B01A /* ReceiptView.swift */,
				902D77012C27766800F7B462 /* ReceiptDetailView.swift */,
				90F476202C1581950075B36B /* ReceiptCardView.swift */,
				90FB96182BF029190061E83D /* NewReceiptView.swift */,
				9029DF152C31422B008586E6 /* NewReceiptViewModel.swift */,
				909E69932C02A5C7009D00D6 /* CameraView.swift */,
				90BD78392C0AEEB300C6A889 /* ReceiptItemsView.swift */,
				90BD783B2C0C051E00C6A889 /* EditableReceiptItemView.swift */,
			);
			path = Receipt;
			sourceTree = "<group>";
		};
		909E69992C02C5F7009D00D6 /* Authentication */ = {
			isa = PBXGroup;
			children = (
				90FB96262BF030B20061E83D /* LoginView.swift */,
				90FB96282BF0321C0061E83D /* InputView.swift */,
			);
			path = Authentication;
			sourceTree = "<group>";
		};
		909E699A2C02C645009D00D6 /* Main */ = {
			isa = PBXGroup;
			children = (
				9072AFC62BE9C46E00DE6FEB /* EntryView.swift */,
				90F5749E2BF93BCC005A9A2E /* MainTabView.swift */,
			);
			path = Main;
			sourceTree = "<group>";
		};
		90FB961C2BF02BC30061E83D /* UI */ = {
			isa = PBXGroup;
			children = (
				909E699A2C02C645009D00D6 /* Main */,
				909E69992C02C5F7009D00D6 /* Authentication */,
				909E69982C02C5C7009D00D6 /* Receipt */,
				909E69972C02C5B9009D00D6 /* Profile */,
				902D77052C279E9400F7B462 /* Elements */,
			);
			path = UI;
			sourceTree = "<group>";
		};
		90FB961D2BF02BF60061E83D /* Models */ = {
			isa = PBXGroup;
			children = (
				90FB96142BF020490061E83D /* ReceiptModel.swift */,
				902C01FD2BF019B60004B01A /* UserModel.swift */,
				9029DF172C314475008586E6 /* ContactModel.swift */,
				902C01FB2BF019770004B01A /* AuthViewModel.swift */,
			);
			path = Models;
			sourceTree = "<group>";
		};
		90FB961E2BF02C120061E83D /* Helpers */ = {
			isa = PBXGroup;
			children = (
				909E699F2C02C865009D00D6 /* Constants.swift */,
				90FB96222BF02D9A0061E83D /* Extensions */,
			);
			path = Helpers;
			sourceTree = "<group>";
		};
		90FB961F2BF02C470061E83D /* Errors */ = {
			isa = PBXGroup;
			children = (
				90FB96302BF08C240061E83D /* FirebaseErrors.swift */,
			);
			path = Errors;
			sourceTree = "<group>";
		};
		90FB96202BF02C880061E83D /* Application */ = {
			isa = PBXGroup;
			children = (
				9072AFC42BE9C46E00DE6FEB /* FairShareApp.swift */,
				9005BDC62BF9606B00039D00 /* Launch Screen.storyboard */,
			);
			path = Application;
			sourceTree = "<group>";
		};
		90FB96212BF02D010061E83D /* Networking */ = {
			isa = PBXGroup;
			children = (
				90F4761E2C154FE20075B36B /* AuthService.swift */,
				90F4761C2C14F6510075B36B /* DBService.swift */,
				90F329832C1DB90D003AA887 /* StorageService.swift */,
			);
			path = Networking;
			sourceTree = "<group>";
		};
		90FB96222BF02D9A0061E83D /* Extensions */ = {
			isa = PBXGroup;
			children = (
				90FB96162BF023340061E83D /* Date+Helper.swift */,
				909E699B2C02C820009D00D6 /* Image+Helper.swift */,
				909E699D2C02C82A009D00D6 /* Color+Helper.swift */,
			);
			path = Extensions;
			sourceTree = "<group>";
		};
/* End PBXGroup section */

/* Begin PBXNativeTarget section */
		9072AFC02BE9C46E00DE6FEB /* FairShare */ = {
			isa = PBXNativeTarget;
			buildConfigurationList = 9072AFEA2BE9C47000DE6FEB /* Build configuration list for PBXNativeTarget "FairShare" */;
			buildPhases = (
				9072AFBD2BE9C46E00DE6FEB /* Sources */,
				9072AFBE2BE9C46E00DE6FEB /* Frameworks */,
				9072AFBF2BE9C46E00DE6FEB /* Resources */,
			);
			buildRules = (
			);
			dependencies = (
			);
			name = FairShare;
			packageProductDependencies = (
				902C01CC2BF008060004B01A /* FirebaseAnalytics */,
				902C01CE2BF008060004B01A /* FirebaseAnalyticsSwift */,
				902C01D02BF008060004B01A /* FirebaseAuth */,
				902C01D22BF008060004B01A /* FirebaseAuthCombine-Community */,
				902C01D42BF008060004B01A /* FirebaseCrashlytics */,
				902C01D62BF008060004B01A /* FirebaseDatabase */,
				902C01D82BF008060004B01A /* FirebaseDatabaseSwift */,
				902C01DA2BF008060004B01A /* FirebaseFirestore */,
				902C01DC2BF008060004B01A /* FirebaseFirestoreSwift */,
				902C01DE2BF008060004B01A /* FirebaseFunctions */,
				902C01E02BF008060004B01A /* FirebaseInAppMessaging-Beta */,
				902C01E22BF008060004B01A /* FirebaseInAppMessagingSwift-Beta */,
				902C01E42BF008060004B01A /* FirebaseInstallations */,
				902C01E62BF008060004B01A /* FirebaseMessaging */,
				902C01E82BF008060004B01A /* FirebaseRemoteConfig */,
				902C01EA2BF008060004B01A /* FirebaseRemoteConfigSwift */,
				902C01EC2BF008060004B01A /* FirebaseStorage */,
				902C01F12BF00A790004B01A /* GoogleSignIn */,
				902C01F32BF00A790004B01A /* GoogleSignInSwift */,
			);
			productName = FairShare;
			productReference = 9072AFC12BE9C46E00DE6FEB /* FairShare.app */;
			productType = "com.apple.product-type.application";
		};
		9072AFD52BE9C47000DE6FEB /* FairShareTests */ = {
			isa = PBXNativeTarget;
			buildConfigurationList = 9072AFED2BE9C47000DE6FEB /* Build configuration list for PBXNativeTarget "FairShareTests" */;
			buildPhases = (
				9072AFD22BE9C47000DE6FEB /* Sources */,
				9072AFD32BE9C47000DE6FEB /* Frameworks */,
				9072AFD42BE9C47000DE6FEB /* Resources */,
			);
			buildRules = (
			);
			dependencies = (
				9072AFD82BE9C47000DE6FEB /* PBXTargetDependency */,
			);
			name = FairShareTests;
			productName = FairShareTests;
			productReference = 9072AFD62BE9C47000DE6FEB /* FairShareTests.xctest */;
			productType = "com.apple.product-type.bundle.unit-test";
		};
		9072AFDF2BE9C47000DE6FEB /* FairShareUITests */ = {
			isa = PBXNativeTarget;
			buildConfigurationList = 9072AFF02BE9C47000DE6FEB /* Build configuration list for PBXNativeTarget "FairShareUITests" */;
			buildPhases = (
				9072AFDC2BE9C47000DE6FEB /* Sources */,
				9072AFDD2BE9C47000DE6FEB /* Frameworks */,
				9072AFDE2BE9C47000DE6FEB /* Resources */,
			);
			buildRules = (
			);
			dependencies = (
				9072AFE22BE9C47000DE6FEB /* PBXTargetDependency */,
			);
			name = FairShareUITests;
			productName = FairShareUITests;
			productReference = 9072AFE02BE9C47000DE6FEB /* FairShareUITests.xctest */;
			productType = "com.apple.product-type.bundle.ui-testing";
		};
/* End PBXNativeTarget section */

/* Begin PBXProject section */
		9072AFB92BE9C46E00DE6FEB /* Project object */ = {
			isa = PBXProject;
			attributes = {
				BuildIndependentTargetsInParallel = 1;
				LastSwiftUpdateCheck = 1520;
				LastUpgradeCheck = 1520;
				TargetAttributes = {
					9072AFC02BE9C46E00DE6FEB = {
						CreatedOnToolsVersion = 15.2;
					};
					9072AFD52BE9C47000DE6FEB = {
						CreatedOnToolsVersion = 15.2;
						TestTargetID = 9072AFC02BE9C46E00DE6FEB;
					};
					9072AFDF2BE9C47000DE6FEB = {
						CreatedOnToolsVersion = 15.2;
						TestTargetID = 9072AFC02BE9C46E00DE6FEB;
					};
				};
			};
			buildConfigurationList = 9072AFBC2BE9C46E00DE6FEB /* Build configuration list for PBXProject "FairShare" */;
			compatibilityVersion = "Xcode 14.0";
			developmentRegion = en;
			hasScannedForEncodings = 0;
			knownRegions = (
				en,
				Base,
			);
			mainGroup = 9072AFB82BE9C46E00DE6FEB;
			packageReferences = (
				902C01CB2BF008060004B01A /* XCRemoteSwiftPackageReference "firebase-ios-sdk" */,
				902C01F02BF00A780004B01A /* XCRemoteSwiftPackageReference "GoogleSignIn-iOS" */,
			);
			productRefGroup = 9072AFC22BE9C46E00DE6FEB /* Products */;
			projectDirPath = "";
			projectRoot = "";
			targets = (
				9072AFC02BE9C46E00DE6FEB /* FairShare */,
				9072AFD52BE9C47000DE6FEB /* FairShareTests */,
				9072AFDF2BE9C47000DE6FEB /* FairShareUITests */,
			);
		};
/* End PBXProject section */

/* Begin PBXResourcesBuildPhase section */
		9072AFBF2BE9C46E00DE6FEB /* Resources */ = {
			isa = PBXResourcesBuildPhase;
			buildActionMask = 2147483647;
			files = (
				9072AFCC2BE9C47000DE6FEB /* Preview Assets.xcassets in Resources */,
				9072AFC92BE9C47000DE6FEB /* Assets.xcassets in Resources */,
				9005BDC72BF9606B00039D00 /* Launch Screen.storyboard in Resources */,
				902C01F62BF00B0E0004B01A /* GoogleService-Info.plist in Resources */,
			);
			runOnlyForDeploymentPostprocessing = 0;
		};
		9072AFD42BE9C47000DE6FEB /* Resources */ = {
			isa = PBXResourcesBuildPhase;
			buildActionMask = 2147483647;
			files = (
			);
			runOnlyForDeploymentPostprocessing = 0;
		};
		9072AFDE2BE9C47000DE6FEB /* Resources */ = {
			isa = PBXResourcesBuildPhase;
			buildActionMask = 2147483647;
			files = (
			);
			runOnlyForDeploymentPostprocessing = 0;
		};
/* End PBXResourcesBuildPhase section */

/* Begin PBXSourcesBuildPhase section */
		9072AFBD2BE9C46E00DE6FEB /* Sources */ = {
			isa = PBXSourcesBuildPhase;
			buildActionMask = 2147483647;
			files = (
				9072AFCE2BE9C47000DE6FEB /* Persistence.swift in Sources */,
				90FB96292BF0321C0061E83D /* InputView.swift in Sources */,
				90F476212C1581950075B36B /* ReceiptCardView.swift in Sources */,
				902C01FE2BF019B60004B01A /* UserModel.swift in Sources */,
				902D77042C278D9400F7B462 /* CustomToggleStyle.swift in Sources */,
				9029DF142C3140A2008586E6 /* ContactPickerView.swift in Sources */,
				90F5749F2BF93BCC005A9A2E /* MainTabView.swift in Sources */,
				90FB96152BF020490061E83D /* ReceiptModel.swift in Sources */,
				90FB962F2BF0779B0061E83D /* SettingsRowView.swift in Sources */,
				90F329842C1DB90D003AA887 /* StorageService.swift in Sources */,
				902C01FC2BF019770004B01A /* AuthViewModel.swift in Sources */,
				909E699C2C02C820009D00D6 /* Image+Helper.swift in Sources */,
				90FB96312BF08C240061E83D /* FirebaseErrors.swift in Sources */,
				90FB96192BF029190061E83D /* NewReceiptView.swift in Sources */,
				909E699E2C02C82A009D00D6 /* Color+Helper.swift in Sources */,
				90BD783A2C0AEEB300C6A889 /* ReceiptItemsView.swift in Sources */,
				90FB962D2BF0753E0061E83D /* ProfileView.swift in Sources */,
				90BD783C2C0C051E00C6A889 /* EditableReceiptItemView.swift in Sources */,
				9072AFC72BE9C46E00DE6FEB /* EntryView.swift in Sources */,
				90F4761F2C154FE20075B36B /* AuthService.swift in Sources */,
				90FB96172BF023340061E83D /* Date+Helper.swift in Sources */,
				909E69942C02A5C7009D00D6 /* CameraView.swift in Sources */,
				909E69A02C02C865009D00D6 /* Constants.swift in Sources */,
				9072AFC52BE9C46E00DE6FEB /* FairShareApp.swift in Sources */,
				902C01FA2BF017660004B01A /* ReceiptView.swift in Sources */,
				902D77022C27766800F7B462 /* ReceiptDetailView.swift in Sources */,
				90FB96272BF030B20061E83D /* LoginView.swift in Sources */,
				9029DF162C31422B008586E6 /* NewReceiptViewModel.swift in Sources */,
				9072AFD12BE9C47000DE6FEB /* FairShare.xcdatamodeld in Sources */,
				9029DF182C314475008586E6 /* ContactModel.swift in Sources */,
				90F4761D2C14F6510075B36B /* DBService.swift in Sources */,
			);
			runOnlyForDeploymentPostprocessing = 0;
		};
		9072AFD22BE9C47000DE6FEB /* Sources */ = {
			isa = PBXSourcesBuildPhase;
			buildActionMask = 2147483647;
			files = (
				9072AFDB2BE9C47000DE6FEB /* FairShareTests.swift in Sources */,
			);
			runOnlyForDeploymentPostprocessing = 0;
		};
		9072AFDC2BE9C47000DE6FEB /* Sources */ = {
			isa = PBXSourcesBuildPhase;
			buildActionMask = 2147483647;
			files = (
				9072AFE72BE9C47000DE6FEB /* FairShareUITestsLaunchTests.swift in Sources */,
				9072AFE52BE9C47000DE6FEB /* FairShareUITests.swift in Sources */,
			);
			runOnlyForDeploymentPostprocessing = 0;
		};
/* End PBXSourcesBuildPhase section */

/* Begin PBXTargetDependency section */
		9072AFD82BE9C47000DE6FEB /* PBXTargetDependency */ = {
			isa = PBXTargetDependency;
			target = 9072AFC02BE9C46E00DE6FEB /* FairShare */;
			targetProxy = 9072AFD72BE9C47000DE6FEB /* PBXContainerItemProxy */;
		};
		9072AFE22BE9C47000DE6FEB /* PBXTargetDependency */ = {
			isa = PBXTargetDependency;
			target = 9072AFC02BE9C46E00DE6FEB /* FairShare */;
			targetProxy = 9072AFE12BE9C47000DE6FEB /* PBXContainerItemProxy */;
		};
/* End PBXTargetDependency section */

/* Begin XCBuildConfiguration section */
		9072AFE82BE9C47000DE6FEB /* Debug */ = {
			isa = XCBuildConfiguration;
			buildSettings = {
				ALWAYS_SEARCH_USER_PATHS = NO;
				ASSETCATALOG_COMPILER_GENERATE_SWIFT_ASSET_SYMBOL_EXTENSIONS = YES;
				CLANG_ANALYZER_NONNULL = YES;
				CLANG_ANALYZER_NUMBER_OBJECT_CONVERSION = YES_AGGRESSIVE;
				CLANG_CXX_LANGUAGE_STANDARD = "gnu++20";
				CLANG_ENABLE_MODULES = YES;
				CLANG_ENABLE_OBJC_ARC = YES;
				CLANG_ENABLE_OBJC_WEAK = YES;
				CLANG_WARN_BLOCK_CAPTURE_AUTORELEASING = YES;
				CLANG_WARN_BOOL_CONVERSION = YES;
				CLANG_WARN_COMMA = YES;
				CLANG_WARN_CONSTANT_CONVERSION = YES;
				CLANG_WARN_DEPRECATED_OBJC_IMPLEMENTATIONS = YES;
				CLANG_WARN_DIRECT_OBJC_ISA_USAGE = YES_ERROR;
				CLANG_WARN_DOCUMENTATION_COMMENTS = YES;
				CLANG_WARN_EMPTY_BODY = YES;
				CLANG_WARN_ENUM_CONVERSION = YES;
				CLANG_WARN_INFINITE_RECURSION = YES;
				CLANG_WARN_INT_CONVERSION = YES;
				CLANG_WARN_NON_LITERAL_NULL_CONVERSION = YES;
				CLANG_WARN_OBJC_IMPLICIT_RETAIN_SELF = YES;
				CLANG_WARN_OBJC_LITERAL_CONVERSION = YES;
				CLANG_WARN_OBJC_ROOT_CLASS = YES_ERROR;
				CLANG_WARN_QUOTED_INCLUDE_IN_FRAMEWORK_HEADER = YES;
				CLANG_WARN_RANGE_LOOP_ANALYSIS = YES;
				CLANG_WARN_STRICT_PROTOTYPES = YES;
				CLANG_WARN_SUSPICIOUS_MOVE = YES;
				CLANG_WARN_UNGUARDED_AVAILABILITY = YES_AGGRESSIVE;
				CLANG_WARN_UNREACHABLE_CODE = YES;
				CLANG_WARN__DUPLICATE_METHOD_MATCH = YES;
				COPY_PHASE_STRIP = NO;
				DEBUG_INFORMATION_FORMAT = dwarf;
				ENABLE_STRICT_OBJC_MSGSEND = YES;
				ENABLE_TESTABILITY = YES;
				ENABLE_USER_SCRIPT_SANDBOXING = YES;
				GCC_C_LANGUAGE_STANDARD = gnu17;
				GCC_DYNAMIC_NO_PIC = NO;
				GCC_NO_COMMON_BLOCKS = YES;
				GCC_OPTIMIZATION_LEVEL = 0;
				GCC_PREPROCESSOR_DEFINITIONS = (
					"DEBUG=1",
					"$(inherited)",
				);
				GCC_WARN_64_TO_32_BIT_CONVERSION = YES;
				GCC_WARN_ABOUT_RETURN_TYPE = YES_ERROR;
				GCC_WARN_UNDECLARED_SELECTOR = YES;
				GCC_WARN_UNINITIALIZED_AUTOS = YES_AGGRESSIVE;
				GCC_WARN_UNUSED_FUNCTION = YES;
				GCC_WARN_UNUSED_VARIABLE = YES;
				IPHONEOS_DEPLOYMENT_TARGET = 17.2;
				LOCALIZATION_PREFERS_STRING_CATALOGS = YES;
				MTL_ENABLE_DEBUG_INFO = INCLUDE_SOURCE;
				MTL_FAST_MATH = YES;
				ONLY_ACTIVE_ARCH = YES;
				SDKROOT = iphoneos;
				SWIFT_ACTIVE_COMPILATION_CONDITIONS = "DEBUG $(inherited)";
				SWIFT_OPTIMIZATION_LEVEL = "-Onone";
			};
			name = Debug;
		};
		9072AFE92BE9C47000DE6FEB /* Release */ = {
			isa = XCBuildConfiguration;
			buildSettings = {
				ALWAYS_SEARCH_USER_PATHS = NO;
				ASSETCATALOG_COMPILER_GENERATE_SWIFT_ASSET_SYMBOL_EXTENSIONS = YES;
				CLANG_ANALYZER_NONNULL = YES;
				CLANG_ANALYZER_NUMBER_OBJECT_CONVERSION = YES_AGGRESSIVE;
				CLANG_CXX_LANGUAGE_STANDARD = "gnu++20";
				CLANG_ENABLE_MODULES = YES;
				CLANG_ENABLE_OBJC_ARC = YES;
				CLANG_ENABLE_OBJC_WEAK = YES;
				CLANG_WARN_BLOCK_CAPTURE_AUTORELEASING = YES;
				CLANG_WARN_BOOL_CONVERSION = YES;
				CLANG_WARN_COMMA = YES;
				CLANG_WARN_CONSTANT_CONVERSION = YES;
				CLANG_WARN_DEPRECATED_OBJC_IMPLEMENTATIONS = YES;
				CLANG_WARN_DIRECT_OBJC_ISA_USAGE = YES_ERROR;
				CLANG_WARN_DOCUMENTATION_COMMENTS = YES;
				CLANG_WARN_EMPTY_BODY = YES;
				CLANG_WARN_ENUM_CONVERSION = YES;
				CLANG_WARN_INFINITE_RECURSION = YES;
				CLANG_WARN_INT_CONVERSION = YES;
				CLANG_WARN_NON_LITERAL_NULL_CONVERSION = YES;
				CLANG_WARN_OBJC_IMPLICIT_RETAIN_SELF = YES;
				CLANG_WARN_OBJC_LITERAL_CONVERSION = YES;
				CLANG_WARN_OBJC_ROOT_CLASS = YES_ERROR;
				CLANG_WARN_QUOTED_INCLUDE_IN_FRAMEWORK_HEADER = YES;
				CLANG_WARN_RANGE_LOOP_ANALYSIS = YES;
				CLANG_WARN_STRICT_PROTOTYPES = YES;
				CLANG_WARN_SUSPICIOUS_MOVE = YES;
				CLANG_WARN_UNGUARDED_AVAILABILITY = YES_AGGRESSIVE;
				CLANG_WARN_UNREACHABLE_CODE = YES;
				CLANG_WARN__DUPLICATE_METHOD_MATCH = YES;
				COPY_PHASE_STRIP = NO;
				DEBUG_INFORMATION_FORMAT = "dwarf-with-dsym";
				ENABLE_NS_ASSERTIONS = NO;
				ENABLE_STRICT_OBJC_MSGSEND = YES;
				ENABLE_USER_SCRIPT_SANDBOXING = YES;
				GCC_C_LANGUAGE_STANDARD = gnu17;
				GCC_NO_COMMON_BLOCKS = YES;
				GCC_WARN_64_TO_32_BIT_CONVERSION = YES;
				GCC_WARN_ABOUT_RETURN_TYPE = YES_ERROR;
				GCC_WARN_UNDECLARED_SELECTOR = YES;
				GCC_WARN_UNINITIALIZED_AUTOS = YES_AGGRESSIVE;
				GCC_WARN_UNUSED_FUNCTION = YES;
				GCC_WARN_UNUSED_VARIABLE = YES;
				IPHONEOS_DEPLOYMENT_TARGET = 17.2;
				LOCALIZATION_PREFERS_STRING_CATALOGS = YES;
				MTL_ENABLE_DEBUG_INFO = NO;
				MTL_FAST_MATH = YES;
				SDKROOT = iphoneos;
				SWIFT_COMPILATION_MODE = wholemodule;
				VALIDATE_PRODUCT = YES;
			};
			name = Release;
		};
		9072AFEB2BE9C47000DE6FEB /* Debug */ = {
			isa = XCBuildConfiguration;
			buildSettings = {
				ASSETCATALOG_COMPILER_APPICON_NAME = AppIcon;
				ASSETCATALOG_COMPILER_GLOBAL_ACCENT_COLOR_NAME = AccentColor;
				CODE_SIGN_STYLE = Automatic;
				CURRENT_PROJECT_VERSION = 1;
				DEVELOPMENT_ASSET_PATHS = "\"FairShare/Preview Content\"";
				DEVELOPMENT_TEAM = FSUP887MQU;
				ENABLE_PREVIEWS = YES;
				GENERATE_INFOPLIST_FILE = YES;
				INFOPLIST_KEY_NSCameraUsageDescription = "This app needs to capture images of your receipt";
				INFOPLIST_KEY_NSContactsUsageDescription = "Allow Contact Access";
				INFOPLIST_KEY_UIApplicationSceneManifest_Generation = YES;
				INFOPLIST_KEY_UIApplicationSupportsIndirectInputEvents = YES;
				INFOPLIST_KEY_UILaunchScreen_Generation = YES;
				INFOPLIST_KEY_UILaunchStoryboardName = "Launch Screen.storyboard";
				INFOPLIST_KEY_UISupportedInterfaceOrientations_iPad = "UIInterfaceOrientationPortrait UIInterfaceOrientationPortraitUpsideDown UIInterfaceOrientationLandscapeLeft UIInterfaceOrientationLandscapeRight";
				INFOPLIST_KEY_UISupportedInterfaceOrientations_iPhone = "UIInterfaceOrientationPortrait UIInterfaceOrientationLandscapeLeft UIInterfaceOrientationLandscapeRight";
				LD_RUNPATH_SEARCH_PATHS = (
					"$(inherited)",
					"@executable_path/Frameworks",
				);
				MARKETING_VERSION = 1.0;
				PRODUCT_BUNDLE_IDENTIFIER = Stephanie.FairShare;
				PRODUCT_NAME = "$(TARGET_NAME)";
				SWIFT_EMIT_LOC_STRINGS = YES;
				SWIFT_VERSION = 5.0;
				TARGETED_DEVICE_FAMILY = "1,2";
			};
			name = Debug;
		};
		9072AFEC2BE9C47000DE6FEB /* Release */ = {
			isa = XCBuildConfiguration;
			buildSettings = {
				ASSETCATALOG_COMPILER_APPICON_NAME = AppIcon;
				ASSETCATALOG_COMPILER_GLOBAL_ACCENT_COLOR_NAME = AccentColor;
				CODE_SIGN_STYLE = Automatic;
				CURRENT_PROJECT_VERSION = 1;
				DEVELOPMENT_ASSET_PATHS = "\"FairShare/Preview Content\"";
				DEVELOPMENT_TEAM = FSUP887MQU;
				ENABLE_PREVIEWS = YES;
				GENERATE_INFOPLIST_FILE = YES;
				INFOPLIST_KEY_NSCameraUsageDescription = "This app needs to capture images of your receipt";
				INFOPLIST_KEY_NSContactsUsageDescription = "Allow Contact Access";
				INFOPLIST_KEY_UIApplicationSceneManifest_Generation = YES;
				INFOPLIST_KEY_UIApplicationSupportsIndirectInputEvents = YES;
				INFOPLIST_KEY_UILaunchScreen_Generation = YES;
				INFOPLIST_KEY_UILaunchStoryboardName = "Launch Screen.storyboard";
				INFOPLIST_KEY_UISupportedInterfaceOrientations_iPad = "UIInterfaceOrientationPortrait UIInterfaceOrientationPortraitUpsideDown UIInterfaceOrientationLandscapeLeft UIInterfaceOrientationLandscapeRight";
				INFOPLIST_KEY_UISupportedInterfaceOrientations_iPhone = "UIInterfaceOrientationPortrait UIInterfaceOrientationLandscapeLeft UIInterfaceOrientationLandscapeRight";
				LD_RUNPATH_SEARCH_PATHS = (
					"$(inherited)",
					"@executable_path/Frameworks",
				);
				MARKETING_VERSION = 1.0;
				PRODUCT_BUNDLE_IDENTIFIER = Stephanie.FairShare;
				PRODUCT_NAME = "$(TARGET_NAME)";
				SWIFT_EMIT_LOC_STRINGS = YES;
				SWIFT_VERSION = 5.0;
				TARGETED_DEVICE_FAMILY = "1,2";
			};
			name = Release;
		};
		9072AFEE2BE9C47000DE6FEB /* Debug */ = {
			isa = XCBuildConfiguration;
			buildSettings = {
				ALWAYS_EMBED_SWIFT_STANDARD_LIBRARIES = YES;
				BUNDLE_LOADER = "$(TEST_HOST)";
				CODE_SIGN_STYLE = Automatic;
				CURRENT_PROJECT_VERSION = 1;
				DEVELOPMENT_TEAM = FSUP887MQU;
				GENERATE_INFOPLIST_FILE = YES;
				IPHONEOS_DEPLOYMENT_TARGET = 17.2;
				MARKETING_VERSION = 1.0;
				PRODUCT_BUNDLE_IDENTIFIER = Stephanie.FairShareTests;
				PRODUCT_NAME = "$(TARGET_NAME)";
				SWIFT_EMIT_LOC_STRINGS = NO;
				SWIFT_VERSION = 5.0;
				TARGETED_DEVICE_FAMILY = "1,2";
				TEST_HOST = "$(BUILT_PRODUCTS_DIR)/FairShare.app/$(BUNDLE_EXECUTABLE_FOLDER_PATH)/FairShare";
			};
			name = Debug;
		};
		9072AFEF2BE9C47000DE6FEB /* Release */ = {
			isa = XCBuildConfiguration;
			buildSettings = {
				ALWAYS_EMBED_SWIFT_STANDARD_LIBRARIES = YES;
				BUNDLE_LOADER = "$(TEST_HOST)";
				CODE_SIGN_STYLE = Automatic;
				CURRENT_PROJECT_VERSION = 1;
				DEVELOPMENT_TEAM = FSUP887MQU;
				GENERATE_INFOPLIST_FILE = YES;
				IPHONEOS_DEPLOYMENT_TARGET = 17.2;
				MARKETING_VERSION = 1.0;
				PRODUCT_BUNDLE_IDENTIFIER = Stephanie.FairShareTests;
				PRODUCT_NAME = "$(TARGET_NAME)";
				SWIFT_EMIT_LOC_STRINGS = NO;
				SWIFT_VERSION = 5.0;
				TARGETED_DEVICE_FAMILY = "1,2";
				TEST_HOST = "$(BUILT_PRODUCTS_DIR)/FairShare.app/$(BUNDLE_EXECUTABLE_FOLDER_PATH)/FairShare";
			};
			name = Release;
		};
		9072AFF12BE9C47000DE6FEB /* Debug */ = {
			isa = XCBuildConfiguration;
			buildSettings = {
				ALWAYS_EMBED_SWIFT_STANDARD_LIBRARIES = YES;
				CODE_SIGN_STYLE = Automatic;
				CURRENT_PROJECT_VERSION = 1;
				DEVELOPMENT_TEAM = FSUP887MQU;
				GENERATE_INFOPLIST_FILE = YES;
				MARKETING_VERSION = 1.0;
				PRODUCT_BUNDLE_IDENTIFIER = Stephanie.FairShareUITests;
				PRODUCT_NAME = "$(TARGET_NAME)";
				SWIFT_EMIT_LOC_STRINGS = NO;
				SWIFT_VERSION = 5.0;
				TARGETED_DEVICE_FAMILY = "1,2";
				TEST_TARGET_NAME = FairShare;
			};
			name = Debug;
		};
		9072AFF22BE9C47000DE6FEB /* Release */ = {
			isa = XCBuildConfiguration;
			buildSettings = {
				ALWAYS_EMBED_SWIFT_STANDARD_LIBRARIES = YES;
				CODE_SIGN_STYLE = Automatic;
				CURRENT_PROJECT_VERSION = 1;
				DEVELOPMENT_TEAM = FSUP887MQU;
				GENERATE_INFOPLIST_FILE = YES;
				MARKETING_VERSION = 1.0;
				PRODUCT_BUNDLE_IDENTIFIER = Stephanie.FairShareUITests;
				PRODUCT_NAME = "$(TARGET_NAME)";
				SWIFT_EMIT_LOC_STRINGS = NO;
				SWIFT_VERSION = 5.0;
				TARGETED_DEVICE_FAMILY = "1,2";
				TEST_TARGET_NAME = FairShare;
			};
			name = Release;
		};
/* End XCBuildConfiguration section */

/* Begin XCConfigurationList section */
		9072AFBC2BE9C46E00DE6FEB /* Build configuration list for PBXProject "FairShare" */ = {
			isa = XCConfigurationList;
			buildConfigurations = (
				9072AFE82BE9C47000DE6FEB /* Debug */,
				9072AFE92BE9C47000DE6FEB /* Release */,
			);
			defaultConfigurationIsVisible = 0;
			defaultConfigurationName = Release;
		};
		9072AFEA2BE9C47000DE6FEB /* Build configuration list for PBXNativeTarget "FairShare" */ = {
			isa = XCConfigurationList;
			buildConfigurations = (
				9072AFEB2BE9C47000DE6FEB /* Debug */,
				9072AFEC2BE9C47000DE6FEB /* Release */,
			);
			defaultConfigurationIsVisible = 0;
			defaultConfigurationName = Release;
		};
		9072AFED2BE9C47000DE6FEB /* Build configuration list for PBXNativeTarget "FairShareTests" */ = {
			isa = XCConfigurationList;
			buildConfigurations = (
				9072AFEE2BE9C47000DE6FEB /* Debug */,
				9072AFEF2BE9C47000DE6FEB /* Release */,
			);
			defaultConfigurationIsVisible = 0;
			defaultConfigurationName = Release;
		};
		9072AFF02BE9C47000DE6FEB /* Build configuration list for PBXNativeTarget "FairShareUITests" */ = {
			isa = XCConfigurationList;
			buildConfigurations = (
				9072AFF12BE9C47000DE6FEB /* Debug */,
				9072AFF22BE9C47000DE6FEB /* Release */,
			);
			defaultConfigurationIsVisible = 0;
			defaultConfigurationName = Release;
		};
/* End XCConfigurationList section */

/* Begin XCRemoteSwiftPackageReference section */
		902C01CB2BF008060004B01A /* XCRemoteSwiftPackageReference "firebase-ios-sdk" */ = {
			isa = XCRemoteSwiftPackageReference;
			repositoryURL = "https://github.com/firebase/firebase-ios-sdk";
			requirement = {
				kind = upToNextMajorVersion;
				minimumVersion = 10.25.0;
			};
		};
		902C01F02BF00A780004B01A /* XCRemoteSwiftPackageReference "GoogleSignIn-iOS" */ = {
			isa = XCRemoteSwiftPackageReference;
			repositoryURL = "https://github.com/google/GoogleSignIn-iOS";
			requirement = {
				kind = upToNextMajorVersion;
				minimumVersion = 7.1.0;
			};
		};
/* End XCRemoteSwiftPackageReference section */

/* Begin XCSwiftPackageProductDependency section */
		902C01CC2BF008060004B01A /* FirebaseAnalytics */ = {
			isa = XCSwiftPackageProductDependency;
			package = 902C01CB2BF008060004B01A /* XCRemoteSwiftPackageReference "firebase-ios-sdk" */;
			productName = FirebaseAnalytics;
		};
		902C01CE2BF008060004B01A /* FirebaseAnalyticsSwift */ = {
			isa = XCSwiftPackageProductDependency;
			package = 902C01CB2BF008060004B01A /* XCRemoteSwiftPackageReference "firebase-ios-sdk" */;
			productName = FirebaseAnalyticsSwift;
		};
		902C01D02BF008060004B01A /* FirebaseAuth */ = {
			isa = XCSwiftPackageProductDependency;
			package = 902C01CB2BF008060004B01A /* XCRemoteSwiftPackageReference "firebase-ios-sdk" */;
			productName = FirebaseAuth;
		};
		902C01D22BF008060004B01A /* FirebaseAuthCombine-Community */ = {
			isa = XCSwiftPackageProductDependency;
			package = 902C01CB2BF008060004B01A /* XCRemoteSwiftPackageReference "firebase-ios-sdk" */;
			productName = "FirebaseAuthCombine-Community";
		};
		902C01D42BF008060004B01A /* FirebaseCrashlytics */ = {
			isa = XCSwiftPackageProductDependency;
			package = 902C01CB2BF008060004B01A /* XCRemoteSwiftPackageReference "firebase-ios-sdk" */;
			productName = FirebaseCrashlytics;
		};
		902C01D62BF008060004B01A /* FirebaseDatabase */ = {
			isa = XCSwiftPackageProductDependency;
			package = 902C01CB2BF008060004B01A /* XCRemoteSwiftPackageReference "firebase-ios-sdk" */;
			productName = FirebaseDatabase;
		};
		902C01D82BF008060004B01A /* FirebaseDatabaseSwift */ = {
			isa = XCSwiftPackageProductDependency;
			package = 902C01CB2BF008060004B01A /* XCRemoteSwiftPackageReference "firebase-ios-sdk" */;
			productName = FirebaseDatabaseSwift;
		};
		902C01DA2BF008060004B01A /* FirebaseFirestore */ = {
			isa = XCSwiftPackageProductDependency;
			package = 902C01CB2BF008060004B01A /* XCRemoteSwiftPackageReference "firebase-ios-sdk" */;
			productName = FirebaseFirestore;
		};
		902C01DC2BF008060004B01A /* FirebaseFirestoreSwift */ = {
			isa = XCSwiftPackageProductDependency;
			package = 902C01CB2BF008060004B01A /* XCRemoteSwiftPackageReference "firebase-ios-sdk" */;
			productName = FirebaseFirestoreSwift;
		};
		902C01DE2BF008060004B01A /* FirebaseFunctions */ = {
			isa = XCSwiftPackageProductDependency;
			package = 902C01CB2BF008060004B01A /* XCRemoteSwiftPackageReference "firebase-ios-sdk" */;
			productName = FirebaseFunctions;
		};
		902C01E02BF008060004B01A /* FirebaseInAppMessaging-Beta */ = {
			isa = XCSwiftPackageProductDependency;
			package = 902C01CB2BF008060004B01A /* XCRemoteSwiftPackageReference "firebase-ios-sdk" */;
			productName = "FirebaseInAppMessaging-Beta";
		};
		902C01E22BF008060004B01A /* FirebaseInAppMessagingSwift-Beta */ = {
			isa = XCSwiftPackageProductDependency;
			package = 902C01CB2BF008060004B01A /* XCRemoteSwiftPackageReference "firebase-ios-sdk" */;
			productName = "FirebaseInAppMessagingSwift-Beta";
		};
		902C01E42BF008060004B01A /* FirebaseInstallations */ = {
			isa = XCSwiftPackageProductDependency;
			package = 902C01CB2BF008060004B01A /* XCRemoteSwiftPackageReference "firebase-ios-sdk" */;
			productName = FirebaseInstallations;
		};
		902C01E62BF008060004B01A /* FirebaseMessaging */ = {
			isa = XCSwiftPackageProductDependency;
			package = 902C01CB2BF008060004B01A /* XCRemoteSwiftPackageReference "firebase-ios-sdk" */;
			productName = FirebaseMessaging;
		};
		902C01E82BF008060004B01A /* FirebaseRemoteConfig */ = {
			isa = XCSwiftPackageProductDependency;
			package = 902C01CB2BF008060004B01A /* XCRemoteSwiftPackageReference "firebase-ios-sdk" */;
			productName = FirebaseRemoteConfig;
		};
		902C01EA2BF008060004B01A /* FirebaseRemoteConfigSwift */ = {
			isa = XCSwiftPackageProductDependency;
			package = 902C01CB2BF008060004B01A /* XCRemoteSwiftPackageReference "firebase-ios-sdk" */;
			productName = FirebaseRemoteConfigSwift;
		};
		902C01EC2BF008060004B01A /* FirebaseStorage */ = {
			isa = XCSwiftPackageProductDependency;
			package = 902C01CB2BF008060004B01A /* XCRemoteSwiftPackageReference "firebase-ios-sdk" */;
			productName = FirebaseStorage;
		};
		902C01F12BF00A790004B01A /* GoogleSignIn */ = {
			isa = XCSwiftPackageProductDependency;
			package = 902C01F02BF00A780004B01A /* XCRemoteSwiftPackageReference "GoogleSignIn-iOS" */;
			productName = GoogleSignIn;
		};
		902C01F32BF00A790004B01A /* GoogleSignInSwift */ = {
			isa = XCSwiftPackageProductDependency;
			package = 902C01F02BF00A780004B01A /* XCRemoteSwiftPackageReference "GoogleSignIn-iOS" */;
			productName = GoogleSignInSwift;
		};
/* End XCSwiftPackageProductDependency section */

/* Begin XCVersionGroup section */
		9072AFCF2BE9C47000DE6FEB /* FairShare.xcdatamodeld */ = {
			isa = XCVersionGroup;
			children = (
				9072AFD02BE9C47000DE6FEB /* FairShare.xcdatamodel */,
			);
			currentVersion = 9072AFD02BE9C47000DE6FEB /* FairShare.xcdatamodel */;
			path = FairShare.xcdatamodeld;
			sourceTree = "<group>";
			versionGroupType = wrapper.xcdatamodel;
		};
/* End XCVersionGroup section */
	};
	rootObject = 9072AFB92BE9C46E00DE6FEB /* Project object */;
}
